
Microsoft Visual Studio Solution File, Format Version 12.00
# Visual Studio Version 17
VisualStudioVersion = 17.14.37314.3 d17.14
MinimumVisualStudioVersion = 10.0.40219.1
Project("{FAE04EC0-301F-11D3-BF4B-00C04F79EFBC}") = "SplitTheRaid", "SplitTheRaid.csproj", "{C9400CBB-49EB-444D-A8B6-6309FCC7DC42}"
EndProject
Global
	GlobalSection(SolutionConfigurationPlatforms) = preSolution
		Debug|Any CPU = Debug|Any CPU
		Release|Any CPU = Release|Any CPU
	EndGlobalSection
	GlobalSection(ProjectConfigurationPlatforms) = postSolution
		{C9400CBB-49EB-444D-A8B6-6309FCC7DC42}.Debug|Any CPU.ActiveCfg = Debug|Any CPU
		{C9400CBB-49EB-444D-A8B6-6309FCC7DC42}.Debug|Any CPU.Build.0 = Debug|Any CPU
		{C9400CBB-49EB-444D-A8B6-6309FCC7DC42}.Release|Any CPU.ActiveCfg = Release|Any CPU
		{C9400CBB-49EB-444D-A8B6-6309FCC7DC42}.Release|Any CPU.Build.0 = Release|Any CPU
	EndGlobalSection
	GlobalSection(SolutionProperties) = preSolution
		HideSolutionNode = FALSE
	EndGlobalSection
	GlobalSection(ExtensibilityGlobals) = postSolution
		SolutionGuid = {6BAB8CC4-56A2-4857-95EB-B909C3460A02}
	EndGlobalSection
EndGlobal
